
Microsoft Visual Studio Solution File, Format Version 12.00
# RemObjects Fire
Project("{656346D9-4656-40DA-A068-22D5425D4639}") = "MacOxygeneCloudJukebox", "MacOxygeneCloudJukebox.elements", "{2709D1DC-2482-42A6-BBEB-43CE2ECD6CF5}"
EndProject
Project("{656346D9-4656-40DA-A068-22D5425D4639}") = "TestMacJukebox", "TestMacJukebox\TestMacJukebox.elements", "{7FC1E41B-4061-4D97-BE57-0F00A6480CCA}"
EndProject
Global
	GlobalSection(SolutionConfigurationPlatforms) = preSolution
		Debug|AnyCPU = Debug|AnyCPU
		Release|AnyCPU = Release|AnyCPU
	EndGlobalSection
	GlobalSection(ProjectConfigurationPlatforms) = postSolution
		{2709D1DC-2482-42A6-BBEB-43CE2ECD6CF5}.Debug|AnyCPU.ActiveCfg = Debug|AnyCPU
		{2709D1DC-2482-42A6-BBEB-43CE2ECD6CF5}.Debug|AnyCPU.Build.0 = Debug|AnyCPU
		{2709D1DC-2482-42A6-BBEB-43CE2ECD6CF5}.Release|AnyCPU.ActiveCfg = Release|AnyCPU
		{2709D1DC-2482-42A6-BBEB-43CE2ECD6CF5}.Release|AnyCPU.Build.0 = Release|AnyCPU
		{7FC1E41B-4061-4D97-BE57-0F00A6480CCA}.Debug|AnyCPU.ActiveCfg = Debug|AnyCPU
		{7FC1E41B-4061-4D97-BE57-0F00A6480CCA}.Debug|AnyCPU.Build.0 = Debug|AnyCPU
		{7FC1E41B-4061-4D97-BE57-0F00A6480CCA}.Release|AnyCPU.ActiveCfg = Release|AnyCPU
		{7FC1E41B-4061-4D97-BE57-0F00A6480CCA}.Release|AnyCPU.Build.0 = Release|AnyCPU
	EndGlobalSection
	GlobalSection(SolutionProperties) = preSolution
		HideSolutionNode = FALSE
	EndGlobalSection
EndGlobal